
Microsoft Visual Studio Solution File, Format Version 12.00
# Visual Studio Version 16
VisualStudioVersion = 16.0.31229.75
MinimumVisualStudioVersion = 10.0.40219.1
Project("{8BC9CEB8-8B4A-11D0-8D11-00A0C91BC942}") = "Matrix Transpose", "Matrix Transpose\Matrix Transpose.vcxproj", "{EF08B0B4-5EB5-41D7-ADB5-34C382D740F5}"
EndProject
Global
	GlobalSection(SolutionConfigurationPlatforms) = preSolution
		Debug|x64 = Debug|x64
		Debug|x86 = Debug|x86
		Release|x64 = Release|x64
		Release|x86 = Release|x86
	EndGlobalSection
	GlobalSection(ProjectConfigurationPlatforms) = postSolution
		{EF08B0B4-5EB5-41D7-ADB5-34C382D740F5}.Debug|x64.ActiveCfg = Debug|x64
		{EF08B0B4-5EB5-41D7-ADB5-34C382D740F5}.Debug|x64.Build.0 = Debug|x64
		{EF08B0B4-5EB5-41D7-ADB5-34C382D740F5}.Debug|x86.ActiveCfg = Debug|Win32
		{EF08B0B4-5EB5-41D7-ADB5-34C382D740F5}.Debug|x86.Build.0 = Debug|Win32
		{EF08B0B4-5EB5-41D7-ADB5-34C382D740F5}.Release|x64.ActiveCfg = Release|x64
		{EF08B0B4-5EB5-41D7-ADB5-34C382D740F5}.Release|x64.Build.0 = Release|x64
		{EF08B0B4-5EB5-41D7-ADB5-34C382D740F5}.Release|x86.ActiveCfg = Release|Win32
		{EF08B0B4-5EB5-41D7-ADB5-34C382D740F5}.Release|x86.Build.0 = Release|Win32
	EndGlobalSection
	GlobalSection(SolutionProperties) = preSolution
		HideSolutionNode = FALSE
	EndGlobalSection
	GlobalSection(ExtensibilityGlobals) = postSolution
		SolutionGuid = {CE2431D9-F12C-48F6-9393-480B08F9BDEA}
	EndGlobalSection
EndGlobal
